// !$*UTF8*$!
{
	archiveVersion = 1;
	classes = {
	};
	objectVersion = 56;
	objects = {

/* Begin PBXBuildFile section */
		DFBF0AF02D2084E600B7DDA5 /* BluetoothUtilityApp.swift in Sources */ = {isa = PBXBuildFile; fileRef = DFBF0AEF2D2084E600B7DDA5 /* BluetoothUtilityApp.swift */; };
		DFBF0AF62D2084E600B7DDA5 /* Assets.xcassets in Resources */ = {isa = PBXBuildFile; fileRef = DFBF0AF52D2084E600B7DDA5 /* Assets.xcassets */; };
		DFBF0AF92D2084E600B7DDA5 /* Preview Assets.xcassets in Resources */ = {isa = PBXBuildFile; fileRef = DFBF0AF82D2084E600B7DDA5 /* Preview Assets.xcassets */; };
		DFBF0B062D208F8C00B7DDA5 /* ContentView.swift in Sources */ = {isa = PBXBuildFile; fileRef = DFBF0B052D208F8C00B7DDA5 /* ContentView.swift */; };
		DFF106222D26F93D005C8011 /* NetworkManager.swift in Sources */ = {isa = PBXBuildFile; fileRef = DFF106212D26F93D005C8011 /* NetworkManager.swift */; };
		DFF106242D26F951005C8011 /* BluetoothDevice.swift in Sources */ = {isa = PBXBuildFile; fileRef = DFF106232D26F951005C8011 /* BluetoothDevice.swift */; };
		DFF106262D26F95C005C8011 /* Extensions.swift in Sources */ = {isa = PBXBuildFile; fileRef = DFF106252D26F95C005C8011 /* Extensions.swift */; };
		DFF106282D26FB25005C8011 /* ConsoleLogView.swift in Sources */ = {isa = PBXBuildFile; fileRef = DFF106272D26FB25005C8011 /* ConsoleLogView.swift */; };
/* End PBXBuildFile section */

/* Begin PBXFileReference section */
		DFBF0AEC2D2084E600B7DDA5 /* Bluetooth Utility.app */ = {isa = PBXFileReference; explicitFileType = wrapper.application; includeInIndex = 0; path = "Bluetooth Utility.app"; sourceTree = BUILT_PRODUCTS_DIR; };
		DFBF0AEF2D2084E600B7DDA5 /* BluetoothUtilityApp.swift */ = {isa = PBXFileReference; lastKnownFileType = sourcecode.swift; path = BluetoothUtilityApp.swift; sourceTree = "<group>"; };
		DFBF0AF52D2084E600B7DDA5 /* Assets.xcassets */ = {isa = PBXFileReference; lastKnownFileType = folder.assetcatalog; path = Assets.xcassets; sourceTree = "<group>"; };
		DFBF0AF82D2084E600B7DDA5 /* Preview Assets.xcassets */ = {isa = PBXFileReference; lastKnownFileType = folder.assetcatalog; path = "Preview Assets.xcassets"; sourceTree = "<group>"; };
		DFBF0B052D208F8C00B7DDA5 /* ContentView.swift */ = {isa = PBXFileReference; lastKnownFileType = sourcecode.swift; path = ContentView.swift; sourceTree = "<group>"; };
		DFF106212D26F93D005C8011 /* NetworkManager.swift */ = {isa = PBXFileReference; lastKnownFileType = sourcecode.swift; path = NetworkManager.swift; sourceTree = "<group>"; };
		DFF106232D26F951005C8011 /* BluetoothDevice.swift */ = {isa = PBXFileReference; lastKnownFileType = sourcecode.swift; path = BluetoothDevice.swift; sourceTree = "<group>"; };
		DFF106252D26F95C005C8011 /* Extensions.swift */ = {isa = PBXFileReference; lastKnownFileType = sourcecode.swift; path = Extensions.swift; sourceTree = "<group>"; };
		DFF106272D26FB25005C8011 /* ConsoleLogView.swift */ = {isa = PBXFileReference; lastKnownFileType = sourcecode.swift; path = ConsoleLogView.swift; sourceTree = "<group>"; };
		DFF1062B2D27A857005C8011 /* Bluetooth-Utility-Info.plist */ = {isa = PBXFileReference; lastKnownFileType = text.plist; path = "Bluetooth-Utility-Info.plist"; sourceTree = SOURCE_ROOT; };
		DFF1062C2D27A919005C8011 /* Bluetooth Utility.entitlements */ = {isa = PBXFileReference; lastKnownFileType = text.plist.entitlements; path = "Bluetooth Utility.entitlements"; sourceTree = "<group>"; };
/* End PBXFileReference section */

/* Begin PBXFrameworksBuildPhase section */
		DFBF0AE92D2084E600B7DDA5 /* Frameworks */ = {
			isa = PBXFrameworksBuildPhase;
			buildActionMask = 2147483647;
			files = (
			);
			runOnlyForDeploymentPostprocessing = 0;
		};
/* End PBXFrameworksBuildPhase section */

/* Begin PBXGroup section */
		DFBF0AE32D2084E600B7DDA5 = {
			isa = PBXGroup;
			children = (
				DFBF0AEE2D2084E600B7DDA5 /* Bluetooth Utility */,
				DFBF0AED2D2084E600B7DDA5 /* Products */,
			);
			sourceTree = "<group>";
		};
		DFBF0AED2D2084E600B7DDA5 /* Products */ = {
			isa = PBXGroup;
			children = (
				DFBF0AEC2D2084E600B7DDA5 /* Bluetooth Utility.app */,
			);
			name = Products;
			sourceTree = "<group>";
		};
		DFBF0AEE2D2084E600B7DDA5 /* Bluetooth Utility */ = {
			isa = PBXGroup;
			children = (
				DFF1062B2D27A857005C8011 /* Bluetooth-Utility-Info.plist */,
				DFBF0AEF2D2084E600B7DDA5 /* BluetoothUtilityApp.swift */,
				DFBF0B052D208F8C00B7DDA5 /* ContentView.swift */,
				DFF1062C2D27A919005C8011 /* Bluetooth Utility.entitlements */,
				DFF106212D26F93D005C8011 /* NetworkManager.swift */,
				DFF106232D26F951005C8011 /* BluetoothDevice.swift */,
				DFF106252D26F95C005C8011 /* Extensions.swift */,
				DFF106272D26FB25005C8011 /* ConsoleLogView.swift */,
				DFBF0AF52D2084E600B7DDA5 /* Assets.xcassets */,
				DFBF0AF72D2084E600B7DDA5 /* Preview Content */,
			);
			path = "Bluetooth Utility";
			sourceTree = "<group>";
		};
		DFBF0AF72D2084E600B7DDA5 /* Preview Content */ = {
			isa = PBXGroup;
			children = (
				DFBF0AF82D2084E600B7DDA5 /* Preview Assets.xcassets */,
			);
			path = "Preview Content";
			sourceTree = "<group>";
		};
/* End PBXGroup section */

/* Begin PBXNativeTarget section */
		DFBF0AEB2D2084E600B7DDA5 /* Bluetooth Utility */ = {
			isa = PBXNativeTarget;
			buildConfigurationList = DFBF0AFC2D2084E600B7DDA5 /* Build configuration list for PBXNativeTarget "Bluetooth Utility" */;
			buildPhases = (
				DFBF0AE82D2084E600B7DDA5 /* Sources */,
				DFBF0AE92D2084E600B7DDA5 /* Frameworks */,
				DFBF0AEA2D2084E600B7DDA5 /* Resources */,
			);
			buildRules = (
			);
			dependencies = (
			);
			name = "Bluetooth Utility";
			productName = "WiFi Utility";
			productReference = DFBF0AEC2D2084E600B7DDA5 /* Bluetooth Utility.app */;
			productType = "com.apple.product-type.application";
		};
/* End PBXNativeTarget section */

/* Begin PBXProject section */
		DFBF0AE42D2084E600B7DDA5 /* Project object */ = {
			isa = PBXProject;
			attributes = {
				BuildIndependentTargetsInParallel = 1;
				LastSwiftUpdateCheck = 1540;
				LastUpgradeCheck = 1540;
				TargetAttributes = {
					DFBF0AEB2D2084E600B7DDA5 = {
						CreatedOnToolsVersion = 15.4;
					};
				};
			};
			buildConfigurationList = DFBF0AE72D2084E600B7DDA5 /* Build configuration list for PBXProject "Bluetooth Utility" */;
			compatibilityVersion = "Xcode 14.0";
			developmentRegion = en;
			hasScannedForEncodings = 0;
			knownRegions = (
				en,
				Base,
			);
			mainGroup = DFBF0AE32D2084E600B7DDA5;
			productRefGroup = DFBF0AED2D2084E600B7DDA5 /* Products */;
			projectDirPath = "";
			projectRoot = "";
			targets = (
				DFBF0AEB2D2084E600B7DDA5 /* Bluetooth Utility */,
			);
		};
/* End PBXProject section */

/* Begin PBXResourcesBuildPhase section */
		DFBF0AEA2D2084E600B7DDA5 /* Resources */ = {
			isa = PBXResourcesBuildPhase;
			buildActionMask = 2147483647;
			files = (
				DFBF0AF92D2084E600B7DDA5 /* Preview Assets.xcassets in Resources */,
				DFBF0AF62D2084E600B7DDA5 /* Assets.xcassets in Resources */,
			);
			runOnlyForDeploymentPostprocessing = 0;
		};
/* End PBXResourcesBuildPhase section */

/* Begin PBXSourcesBuildPhase section */
		DFBF0AE82D2084E600B7DDA5 /* Sources */ = {
			isa = PBXSourcesBuildPhase;
			buildActionMask = 2147483647;
			files = (
				DFF106262D26F95C005C8011 /* Extensions.swift in Sources */,
				DFF106222D26F93D005C8011 /* NetworkManager.swift in Sources */,
				DFBF0B062D208F8C00B7DDA5 /* ContentView.swift in Sources */,
				DFF106282D26FB25005C8011 /* ConsoleLogView.swift in Sources */,
				DFF106242D26F951005C8011 /* BluetoothDevice.swift in Sources */,
				DFBF0AF02D2084E600B7DDA5 /* BluetoothUtilityApp.swift in Sources */,
			);
			runOnlyForDeploymentPostprocessing = 0;
		};
/* End PBXSourcesBuildPhase section */

/* Begin XCBuildConfiguration section */
		DFBF0AFA2D2084E600B7DDA5 /* Debug */ = {
			isa = XCBuildConfiguration;
			buildSettings = {
				ALWAYS_SEARCH_USER_PATHS = NO;
				ASSETCATALOG_COMPILER_GENERATE_SWIFT_ASSET_SYMBOL_EXTENSIONS = YES;
				CLANG_ANALYZER_NONNULL = YES;
				CLANG_ANALYZER_NUMBER_OBJECT_CONVERSION = YES_AGGRESSIVE;
				CLANG_CXX_LANGUAGE_STANDARD = "gnu++20";
				CLANG_ENABLE_MODULES = YES;
				CLANG_ENABLE_OBJC_ARC = YES;
				CLANG_ENABLE_OBJC_WEAK = YES;
				CLANG_WARN_BLOCK_CAPTURE_AUTORELEASING = YES;
				CLANG_WARN_BOOL_CONVERSION = YES;
				CLANG_WARN_COMMA = YES;
				CLANG_WARN_CONSTANT_CONVERSION = YES;
				CLANG_WARN_DEPRECATED_OBJC_IMPLEMENTATIONS = YES;
				CLANG_WARN_DIRECT_OBJC_ISA_USAGE = YES_ERROR;
				CLANG_WARN_DOCUMENTATION_COMMENTS = YES;
				CLANG_WARN_EMPTY_BODY = YES;
				CLANG_WARN_ENUM_CONVERSION = YES;
				CLANG_WARN_INFINITE_RECURSION = YES;
				CLANG_WARN_INT_CONVERSION = YES;
				CLANG_WARN_NON_LITERAL_NULL_CONVERSION = YES;
				CLANG_WARN_OBJC_IMPLICIT_RETAIN_SELF = YES;
				CLANG_WARN_OBJC_LITERAL_CONVERSION = YES;
				CLANG_WARN_OBJC_ROOT_CLASS = YES_ERROR;
				CLANG_WARN_QUOTED_INCLUDE_IN_FRAMEWORK_HEADER = YES;
				CLANG_WARN_RANGE_LOOP_ANALYSIS = YES;
				CLANG_WARN_STRICT_PROTOTYPES = YES;
				CLANG_WARN_SUSPICIOUS_MOVE = YES;
				CLANG_WARN_UNGUARDED_AVAILABILITY = YES_AGGRESSIVE;
				CLANG_WARN_UNREACHABLE_CODE = YES;
				CLANG_WARN__DUPLICATE_METHOD_MATCH = YES;
				COPY_PHASE_STRIP = NO;
				DEBUG_INFORMATION_FORMAT = dwarf;
				ENABLE_STRICT_OBJC_MSGSEND = YES;
				ENABLE_TESTABILITY = YES;
				ENABLE_USER_SCRIPT_SANDBOXING = YES;
				GCC_C_LANGUAGE_STANDARD = gnu17;
				GCC_DYNAMIC_NO_PIC = NO;
				GCC_NO_COMMON_BLOCKS = YES;
				GCC_OPTIMIZATION_LEVEL = 0;
				GCC_PREPROCESSOR_DEFINITIONS = (
					"DEBUG=1",
					"$(inherited)",
				);
				GCC_WARN_64_TO_32_BIT_CONVERSION = YES;
				GCC_WARN_ABOUT_RETURN_TYPE = YES_ERROR;
				GCC_WARN_UNDECLARED_SELECTOR = YES;
				GCC_WARN_UNINITIALIZED_AUTOS = YES_AGGRESSIVE;
				GCC_WARN_UNUSED_FUNCTION = YES;
				GCC_WARN_UNUSED_VARIABLE = YES;
				IPHONEOS_DEPLOYMENT_TARGET = 17.5;
				LOCALIZATION_PREFERS_STRING_CATALOGS = YES;
				MTL_ENABLE_DEBUG_INFO = INCLUDE_SOURCE;
				MTL_FAST_MATH = YES;
				ONLY_ACTIVE_ARCH = YES;
				SDKROOT = iphoneos;
				SWIFT_ACTIVE_COMPILATION_CONDITIONS = "DEBUG $(inherited)";
				SWIFT_OPTIMIZATION_LEVEL = "-Onone";
			};
			name = Debug;
		};
		DFBF0AFB2D2084E600B7DDA5 /* Release */ = {
			isa = XCBuildConfiguration;
			buildSettings = {
				ALWAYS_SEARCH_USER_PATHS = NO;
				ASSETCATALOG_COMPILER_GENERATE_SWIFT_ASSET_SYMBOL_EXTENSIONS = YES;
				CLANG_ANALYZER_NONNULL = YES;
				CLANG_ANALYZER_NUMBER_OBJECT_CONVERSION = YES_AGGRESSIVE;
				CLANG_CXX_LANGUAGE_STANDARD = "gnu++20";
				CLANG_ENABLE_MODULES = YES;
				CLANG_ENABLE_OBJC_ARC = YES;
				CLANG_ENABLE_OBJC_WEAK = YES;
				CLANG_WARN_BLOCK_CAPTURE_AUTORELEASING = YES;
				CLANG_WARN_BOOL_CONVERSION = YES;
				CLANG_WARN_COMMA = YES;
				CLANG_WARN_CONSTANT_CONVERSION = YES;
				CLANG_WARN_DEPRECATED_OBJC_IMPLEMENTATIONS = YES;
				CLANG_WARN_DIRECT_OBJC_ISA_USAGE = YES_ERROR;
				CLANG_WARN_DOCUMENTATION_COMMENTS = YES;
				CLANG_WARN_EMPTY_BODY = YES;
				CLANG_WARN_ENUM_CONVERSION = YES;
				CLANG_WARN_INFINITE_RECURSION = YES;
				CLANG_WARN_INT_CONVERSION = YES;
				CLANG_WARN_NON_LITERAL_NULL_CONVERSION = YES;
				CLANG_WARN_OBJC_IMPLICIT_RETAIN_SELF = YES;
				CLANG_WARN_OBJC_LITERAL_CONVERSION = YES;
				CLANG_WARN_OBJC_ROOT_CLASS = YES_ERROR;
				CLANG_WARN_QUOTED_INCLUDE_IN_FRAMEWORK_HEADER = YES;
				CLANG_WARN_RANGE_LOOP_ANALYSIS = YES;
				CLANG_WARN_STRICT_PROTOTYPES = YES;
				CLANG_WARN_SUSPICIOUS_MOVE = YES;
				CLANG_WARN_UNGUARDED_AVAILABILITY = YES_AGGRESSIVE;
				CLANG_WARN_UNREACHABLE_CODE = YES;
				CLANG_WARN__DUPLICATE_METHOD_MATCH = YES;
				COPY_PHASE_STRIP = NO;
				DEBUG_INFORMATION_FORMAT = "dwarf-with-dsym";
				ENABLE_NS_ASSERTIONS = NO;
				ENABLE_STRICT_OBJC_MSGSEND = YES;
				ENABLE_USER_SCRIPT_SANDBOXING = YES;
				GCC_C_LANGUAGE_STANDARD = gnu17;
				GCC_NO_COMMON_BLOCKS = YES;
				GCC_WARN_64_TO_32_BIT_CONVERSION = YES;
				GCC_WARN_ABOUT_RETURN_TYPE = YES_ERROR;
				GCC_WARN_UNDECLARED_SELECTOR = YES;
				GCC_WARN_UNINITIALIZED_AUTOS = YES_AGGRESSIVE;
				GCC_WARN_UNUSED_FUNCTION = YES;
				GCC_WARN_UNUSED_VARIABLE = YES;
				IPHONEOS_DEPLOYMENT_TARGET = 17.5;
				LOCALIZATION_PREFERS_STRING_CATALOGS = YES;
				MTL_ENABLE_DEBUG_INFO = NO;
				MTL_FAST_MATH = YES;
				SDKROOT = iphoneos;
				SWIFT_COMPILATION_MODE = wholemodule;
				VALIDATE_PRODUCT = YES;
			};
			name = Release;
		};
		DFBF0AFD2D2084E600B7DDA5 /* Debug */ = {
			isa = XCBuildConfiguration;
			buildSettings = {
				ASSETCATALOG_COMPILER_APPICON_NAME = AppIcon;
				ASSETCATALOG_COMPILER_GLOBAL_ACCENT_COLOR_NAME = AccentColor;
				CODE_SIGN_STYLE = Automatic;
				CURRENT_PROJECT_VERSION = 6;
				DEVELOPMENT_ASSET_PATHS = "\"Bluetooth Utility/Preview Content\"";
				DEVELOPMENT_TEAM = V3S8SGT4VX;
				ENABLE_PREVIEWS = YES;
				GENERATE_INFOPLIST_FILE = YES;
				INFOPLIST_FILE = "Bluetooth-Utility-Info.plist";
				INFOPLIST_KEY_CFBundleDisplayName = "Bluetooth Utility";
				INFOPLIST_KEY_LSApplicationCategoryType = "public.app-category.developer-tools";
				INFOPLIST_KEY_NSBluetoothAlwaysUsageDescription = "LuminaSet Bluetooth Utility Requires Bluetooth";
				INFOPLIST_KEY_UIApplicationSceneManifest_Generation = YES;
				INFOPLIST_KEY_UIApplicationSupportsIndirectInputEvents = YES;
				INFOPLIST_KEY_UILaunchScreen_Generation = YES;
				INFOPLIST_KEY_UISupportedInterfaceOrientations_iPad = "UIInterfaceOrientationPortrait UIInterfaceOrientationPortraitUpsideDown UIInterfaceOrientationLandscapeLeft UIInterfaceOrientationLandscapeRight";
				INFOPLIST_KEY_UISupportedInterfaceOrientations_iPhone = "UIInterfaceOrientationPortrait UIInterfaceOrientationLandscapeLeft UIInterfaceOrientationLandscapeRight";
				IPHONEOS_DEPLOYMENT_TARGET = 17.0;
				LD_RUNPATH_SEARCH_PATHS = (
					"$(inherited)",
					"@executable_path/Frameworks",
				);
				MARKETING_VERSION = 1.1;
				PRODUCT_BUNDLE_IDENTIFIER = "com.LuminaSet.Bluetooth-Utility";
				PRODUCT_NAME = "$(TARGET_NAME)";
				SWIFT_EMIT_LOC_STRINGS = YES;
				SWIFT_VERSION = 5.0;
				TARGETED_DEVICE_FAMILY = "1,2";
			};
			name = Debug;
		};
		DFBF0AFE2D2084E600B7DDA5 /* Release */ = {
			isa = XCBuildConfiguration;
			buildSettings = {
				ASSETCATALOG_COMPILER_APPICON_NAME = AppIcon;
				ASSETCATALOG_COMPILER_GLOBAL_ACCENT_COLOR_NAME = AccentColor;
				CODE_SIGN_STYLE = Automatic;
				CURRENT_PROJECT_VERSION = 6;
				DEVELOPMENT_ASSET_PATHS = "\"Bluetooth Utility/Preview Content\"";
				DEVELOPMENT_TEAM = V3S8SGT4VX;
				ENABLE_PREVIEWS = YES;
				GENERATE_INFOPLIST_FILE = YES;
				INFOPLIST_FILE = "Bluetooth-Utility-Info.plist";
				INFOPLIST_KEY_CFBundleDisplayName = "Bluetooth Utility";
				INFOPLIST_KEY_LSApplicationCategoryType = "public.app-category.developer-tools";
				INFOPLIST_KEY_NSBluetoothAlwaysUsageDescription = "LuminaSet Bluetooth Utility Requires Bluetooth";
				INFOPLIST_KEY_UIApplicationSceneManifest_Generation = YES;
				INFOPLIST_KEY_UIApplicationSupportsIndirectInputEvents = YES;
				INFOPLIST_KEY_UILaunchScreen_Generation = YES;
				INFOPLIST_KEY_UISupportedInterfaceOrientations_iPad = "UIInterfaceOrientationPortrait UIInterfaceOrientationPortraitUpsideDown UIInterfaceOrientationLandscapeLeft UIInterfaceOrientationLandscapeRight";
				INFOPLIST_KEY_UISupportedInterfaceOrientations_iPhone = "UIInterfaceOrientationPortrait UIInterfaceOrientationLandscapeLeft UIInterfaceOrientationLandscapeRight";
				IPHONEOS_DEPLOYMENT_TARGET = 17.0;
				LD_RUNPATH_SEARCH_PATHS = (
					"$(inherited)",
					"@executable_path/Frameworks",
				);
				MARKETING_VERSION = 1.1;
				PRODUCT_BUNDLE_IDENTIFIER = "com.LuminaSet.Bluetooth-Utility";
				PRODUCT_NAME = "$(TARGET_NAME)";
				SWIFT_EMIT_LOC_STRINGS = YES;
				SWIFT_VERSION = 5.0;
				TARGETED_DEVICE_FAMILY = "1,2";
			};
			name = Release;
		};
/* End XCBuildConfiguration section */

/* Begin XCConfigurationList section */
		DFBF0AE72D2084E600B7DDA5 /* Build configuration list for PBXProject "Bluetooth Utility" */ = {
			isa = XCConfigurationList;
			buildConfigurations = (
				DFBF0AFA2D2084E600B7DDA5 /* Debug */,
				DFBF0AFB2D2084E600B7DDA5 /* Release */,
			);
			defaultConfigurationIsVisible = 0;
			defaultConfigurationName = Release;
		};
		DFBF0AFC2D2084E600B7DDA5 /* Build configuration list for PBXNativeTarget "Bluetooth Utility" */ = {
			isa = XCConfigurationList;
			buildConfigurations = (
				DFBF0AFD2D2084E600B7DDA5 /* Debug */,
				DFBF0AFE2D2084E600B7DDA5 /* Release */,
			);
			defaultConfigurationIsVisible = 0;
			defaultConfigurationName = Release;
		};
/* End XCConfigurationList section */
	};
	rootObject = DFBF0AE42D2084E600B7DDA5 /* Project object */;
}
